
Microsoft Visual Studio Solution File, Format Version 12.00
# Visual Studio Version 17
VisualStudioVersion = 17.8.34330.188
MinimumVisualStudioVersion = 10.0.40219.1
Project("{FAE04EC0-301F-11D3-BF4B-00C04F79EFBC}") = "SortApp.Web", "SortApp.Web\SortApp.Web.csproj", "{0A959030-3158-4EC4-815C-22465D8247EA}"
EndProject
Global
	GlobalSection(SolutionConfigurationPlatforms) = preSolution
		Debug|Any CPU = Debug|Any CPU
		Release|Any CPU = Release|Any CPU
	EndGlobalSection
	GlobalSection(ProjectConfigurationPlatforms) = postSolution
		{0A959030-3158-4EC4-815C-22465D8247EA}.Debug|Any CPU.ActiveCfg = Debug|Any CPU
		{0A959030-3158-4EC4-815C-22465D8247EA}.Debug|Any CPU.Build.0 = Debug|Any CPU
		{0A959030-3158-4EC4-815C-22465D8247EA}.Release|Any CPU.ActiveCfg = Release|Any CPU
		{0A959030-3158-4EC4-815C-22465D8247EA}.Release|Any CPU.Build.0 = Release|Any CPU
	EndGlobalSection
	GlobalSection(SolutionProperties) = preSolution
		HideSolutionNode = FALSE
	EndGlobalSection
	GlobalSection(ExtensibilityGlobals) = postSolution
		SolutionGuid = {C35E40D1-6A03-440D-AFCC-A1DAD00BB8D5}
	EndGlobalSection
EndGlobal
